
Microsoft Visual Studio Solution File, Format Version 12.00
# Visual Studio Version 16
VisualStudioVersion = 16.0.30223.230
MinimumVisualStudioVersion = 15.0.26124.0
Project("{9A19103F-16F7-4668-BE54-9A1E7A4F7556}") = "SimpleTalk", "SimpleTalk\SimpleTalk.csproj", "{F4EE6CFB-E6D5-4F87-8348-2698F7973D89}"
EndProject
Project("{FAE04EC0-301F-11D3-BF4B-00C04F79EFBC}") = "SimpleBlog", "SimpleBlog\SimpleBlog.csproj", "{0D6FF745-6C87-4030-B555-ED94D9AD7BAA}"
EndProject
Global
	GlobalSection(SolutionConfigurationPlatforms) = preSolution
		Debug|Any CPU = Debug|Any CPU
		Debug|x64 = Debug|x64
		Debug|x86 = Debug|x86
		Release|Any CPU = Release|Any CPU
		Release|x64 = Release|x64
		Release|x86 = Release|x86
	EndGlobalSection
	GlobalSection(ProjectConfigurationPlatforms) = postSolution
		{F4EE6CFB-E6D5-4F87-8348-2698F7973D89}.Debug|Any CPU.ActiveCfg = Debug|Any CPU
		{F4EE6CFB-E6D5-4F87-8348-2698F7973D89}.Debug|Any CPU.Build.0 = Debug|Any CPU
		{F4EE6CFB-E6D5-4F87-8348-2698F7973D89}.Debug|x64.ActiveCfg = Debug|Any CPU
		{F4EE6CFB-E6D5-4F87-8348-2698F7973D89}.Debug|x64.Build.0 = Debug|Any CPU
		{F4EE6CFB-E6D5-4F87-8348-2698F7973D89}.Debug|x86.ActiveCfg = Debug|Any CPU
		{F4EE6CFB-E6D5-4F87-8348-2698F7973D89}.Debug|x86.Build.0 = Debug|Any CPU
		{F4EE6CFB-E6D5-4F87-8348-2698F7973D89}.Release|Any CPU.ActiveCfg = Release|Any CPU
		{F4EE6CFB-E6D5-4F87-8348-2698F7973D89}.Release|Any CPU.Build.0 = Release|Any CPU
		{F4EE6CFB-E6D5-4F87-8348-2698F7973D89}.Release|x64.ActiveCfg = Release|Any CPU
		{F4EE6CFB-E6D5-4F87-8348-2698F7973D89}.Release|x64.Build.0 = Release|Any CPU
		{F4EE6CFB-E6D5-4F87-8348-2698F7973D89}.Release|x86.ActiveCfg = Release|Any CPU
		{F4EE6CFB-E6D5-4F87-8348-2698F7973D89}.Release|x86.Build.0 = Release|Any CPU
		{0D6FF745-6C87-4030-B555-ED94D9AD7BAA}.Debug|Any CPU.ActiveCfg = Debug|Any CPU
		{0D6FF745-6C87-4030-B555-ED94D9AD7BAA}.Debug|Any CPU.Build.0 = Debug|Any CPU
		{0D6FF745-6C87-4030-B555-ED94D9AD7BAA}.Debug|x64.ActiveCfg = Debug|Any CPU
		{0D6FF745-6C87-4030-B555-ED94D9AD7BAA}.Debug|x64.Build.0 = Debug|Any CPU
		{0D6FF745-6C87-4030-B555-ED94D9AD7BAA}.Debug|x86.ActiveCfg = Debug|Any CPU
		{0D6FF745-6C87-4030-B555-ED94D9AD7BAA}.Debug|x86.Build.0 = Debug|Any CPU
		{0D6FF745-6C87-4030-B555-ED94D9AD7BAA}.Release|Any CPU.ActiveCfg = Release|Any CPU
		{0D6FF745-6C87-4030-B555-ED94D9AD7BAA}.Release|Any CPU.Build.0 = Release|Any CPU
		{0D6FF745-6C87-4030-B555-ED94D9AD7BAA}.Release|x64.ActiveCfg = Release|Any CPU
		{0D6FF745-6C87-4030-B555-ED94D9AD7BAA}.Release|x64.Build.0 = Release|Any CPU
		{0D6FF745-6C87-4030-B555-ED94D9AD7BAA}.Release|x86.ActiveCfg = Release|Any CPU
		{0D6FF745-6C87-4030-B555-ED94D9AD7BAA}.Release|x86.Build.0 = Release|Any CPU
	EndGlobalSection
	GlobalSection(SolutionProperties) = preSolution
		HideSolutionNode = FALSE
	EndGlobalSection
	GlobalSection(ExtensibilityGlobals) = postSolution
		SolutionGuid = {3898CB4C-E6F7-49E9-9EAB-9E230AD7E616}
	EndGlobalSection
EndGlobal
